
Microsoft Visual Studio Solution File, Format Version 12.00
# Visual Studio Version 17
VisualStudioVersion = 17.14.36811.4
MinimumVisualStudioVersion = 10.0.40219.1
Project("{2150E333-8FDC-42A3-9474-1A3956D46DE8}") = "Services", "Services", "{02EA681E-C7D8-13C7-8484-4AC65E1B71E8}"
EndProject
Project("{2150E333-8FDC-42A3-9474-1A3956D46DE8}") = "Catalog", "Catalog", "{91DB1066-CA22-48F6-9063-3581AD84297D}"
EndProject
Project("{FAE04EC0-301F-11D3-BF4B-00C04F79EFBC}") = "CatalogAPI", "Services\Catalog\CatalogAPI\CatalogAPI.csproj", "{20A9DC4B-86C6-4131-9DCA-14462E308770}"
EndProject
Project("{2150E333-8FDC-42A3-9474-1A3956D46DE8}") = "BuildingBlocks", "BuildingBlocks", "{0A808654-4FCB-4F6A-98FA-F5E11344EBDE}"
EndProject
Project("{FAE04EC0-301F-11D3-BF4B-00C04F79EFBC}") = "BuildingBlocks", "BuildingBlocks\BuildingBlocks\BuildingBlocks.csproj", "{949C4FEA-B92C-4871-9513-4D2A7AE7D6F1}"
EndProject
Project("{E53339B2-1760-4266-BCC7-CA923CBCF16C}") = "docker-compose", "docker-compose.dcproj", "{81DDED9D-158B-E303-5F62-77A2896D2A5A}"
EndProject
Project("{2150E333-8FDC-42A3-9474-1A3956D46DE8}") = "Basket", "Basket", "{83EE4B5D-94D7-4C17-96F9-2C7DBA7F87A2}"
EndProject
Project("{FAE04EC0-301F-11D3-BF4B-00C04F79EFBC}") = "Basket.API", "Services\Basket\Basket.API\Basket.API.csproj", "{03EFB1BD-054D-4F60-BCCF-50B3A58F0C67}"
EndProject
Project("{2150E333-8FDC-42A3-9474-1A3956D46DE8}") = "Discount", "Discount", "{216E60B3-E8C2-4943-8210-D626E7AE5963}"
EndProject
Project("{FAE04EC0-301F-11D3-BF4B-00C04F79EFBC}") = "Discount.Grpc", "Services\Discount\Discount.Grpc\Discount.Grpc.csproj", "{F338BAD0-2884-43DB-96BA-8E04D8C47BEB}"
EndProject
Global
	GlobalSection(SolutionConfigurationPlatforms) = preSolution
		Debug|Any CPU = Debug|Any CPU
		Release|Any CPU = Release|Any CPU
	EndGlobalSection
	GlobalSection(ProjectConfigurationPlatforms) = postSolution
		{20A9DC4B-86C6-4131-9DCA-14462E308770}.Debug|Any CPU.ActiveCfg = Debug|Any CPU
		{20A9DC4B-86C6-4131-9DCA-14462E308770}.Debug|Any CPU.Build.0 = Debug|Any CPU
		{20A9DC4B-86C6-4131-9DCA-14462E308770}.Release|Any CPU.ActiveCfg = Release|Any CPU
		{20A9DC4B-86C6-4131-9DCA-14462E308770}.Release|Any CPU.Build.0 = Release|Any CPU
		{949C4FEA-B92C-4871-9513-4D2A7AE7D6F1}.Debug|Any CPU.ActiveCfg = Debug|Any CPU
		{949C4FEA-B92C-4871-9513-4D2A7AE7D6F1}.Debug|Any CPU.Build.0 = Debug|Any CPU
		{949C4FEA-B92C-4871-9513-4D2A7AE7D6F1}.Release|Any CPU.ActiveCfg = Release|Any CPU
		{949C4FEA-B92C-4871-9513-4D2A7AE7D6F1}.Release|Any CPU.Build.0 = Release|Any CPU
		{81DDED9D-158B-E303-5F62-77A2896D2A5A}.Debug|Any CPU.ActiveCfg = Debug|Any CPU
		{81DDED9D-158B-E303-5F62-77A2896D2A5A}.Debug|Any CPU.Build.0 = Debug|Any CPU
		{81DDED9D-158B-E303-5F62-77A2896D2A5A}.Release|Any CPU.ActiveCfg = Release|Any CPU
		{81DDED9D-158B-E303-5F62-77A2896D2A5A}.Release|Any CPU.Build.0 = Release|Any CPU
		{03EFB1BD-054D-4F60-BCCF-50B3A58F0C67}.Debug|Any CPU.ActiveCfg = Debug|Any CPU
		{03EFB1BD-054D-4F60-BCCF-50B3A58F0C67}.Debug|Any CPU.Build.0 = Debug|Any CPU
		{03EFB1BD-054D-4F60-BCCF-50B3A58F0C67}.Release|Any CPU.ActiveCfg = Release|Any CPU
		{03EFB1BD-054D-4F60-BCCF-50B3A58F0C67}.Release|Any CPU.Build.0 = Release|Any CPU
		{F338BAD0-2884-43DB-96BA-8E04D8C47BEB}.Debug|Any CPU.ActiveCfg = Debug|Any CPU
		{F338BAD0-2884-43DB-96BA-8E04D8C47BEB}.Debug|Any CPU.Build.0 = Debug|Any CPU
		{F338BAD0-2884-43DB-96BA-8E04D8C47BEB}.Release|Any CPU.ActiveCfg = Release|Any CPU
		{F338BAD0-2884-43DB-96BA-8E04D8C47BEB}.Release|Any CPU.Build.0 = Release|Any CPU
	EndGlobalSection
	GlobalSection(SolutionProperties) = preSolution
		HideSolutionNode = FALSE
	EndGlobalSection
	GlobalSection(NestedProjects) = preSolution
		{91DB1066-CA22-48F6-9063-3581AD84297D} = {02EA681E-C7D8-13C7-8484-4AC65E1B71E8}
		{20A9DC4B-86C6-4131-9DCA-14462E308770} = {91DB1066-CA22-48F6-9063-3581AD84297D}
		{949C4FEA-B92C-4871-9513-4D2A7AE7D6F1} = {0A808654-4FCB-4F6A-98FA-F5E11344EBDE}
		{83EE4B5D-94D7-4C17-96F9-2C7DBA7F87A2} = {02EA681E-C7D8-13C7-8484-4AC65E1B71E8}
		{03EFB1BD-054D-4F60-BCCF-50B3A58F0C67} = {83EE4B5D-94D7-4C17-96F9-2C7DBA7F87A2}
		{216E60B3-E8C2-4943-8210-D626E7AE5963} = {02EA681E-C7D8-13C7-8484-4AC65E1B71E8}
		{F338BAD0-2884-43DB-96BA-8E04D8C47BEB} = {216E60B3-E8C2-4943-8210-D626E7AE5963}
	EndGlobalSection
	GlobalSection(ExtensibilityGlobals) = postSolution
		SolutionGuid = {7F4171FC-7FDD-4D02-BD95-480068FDA9AC}
	EndGlobalSection
EndGlobal
